
Microsoft Visual Studio Solution File, Format Version 11.00
# Visual C# Express 2010
Project("{FAE04EC0-301F-11D3-BF4B-00C04F79EFBC}") = "zedboard_ethernet_io_control", "zedboard_ethernet_io_control\zedboard_ethernet_io_control.csproj", "{925D4403-54BF-410B-BD59-D6ED4A5AAC5A}"
EndProject
Global
	GlobalSection(SolutionConfigurationPlatforms) = preSolution
		Debug|x86 = Debug|x86
		Release|x86 = Release|x86
	EndGlobalSection
	GlobalSection(ProjectConfigurationPlatforms) = postSolution
		{925D4403-54BF-410B-BD59-D6ED4A5AAC5A}.Debug|x86.ActiveCfg = Debug|x86
		{925D4403-54BF-410B-BD59-D6ED4A5AAC5A}.Debug|x86.Build.0 = Debug|x86
		{925D4403-54BF-410B-BD59-D6ED4A5AAC5A}.Release|x86.ActiveCfg = Release|x86
		{925D4403-54BF-410B-BD59-D6ED4A5AAC5A}.Release|x86.Build.0 = Release|x86
	EndGlobalSection
	GlobalSection(SolutionProperties) = preSolution
		HideSolutionNode = FALSE
	EndGlobalSection
EndGlobal
